
Microsoft Visual Studio Solution File, Format Version 12.00
# Visual Studio Version 16
VisualStudioVersion = 16.0.30011.22
MinimumVisualStudioVersion = 10.0.40219.1
Project("{9A19103F-16F7-4668-BE54-9A1E7A4F7556}") = "BlazorChat", "BlazorChat\BlazorChat.csproj", "{907A5C99-E720-413B-BB03-7A015DBEF08D}"
EndProject
Project("{2150E333-8FDC-42A3-9474-1A3956D46DE8}") = "Solution Items", "Solution Items", "{FAEAB443-DF01-4C23-B786-B21F2757EB93}"
	ProjectSection(SolutionItems) = preProject
		README.md = README.md
	EndProjectSection
EndProject
Global
	GlobalSection(SolutionConfigurationPlatforms) = preSolution
		Debug|Any CPU = Debug|Any CPU
		Release|Any CPU = Release|Any CPU
	EndGlobalSection
	GlobalSection(ProjectConfigurationPlatforms) = postSolution
		{907A5C99-E720-413B-BB03-7A015DBEF08D}.Debug|Any CPU.ActiveCfg = Debug|Any CPU
		{907A5C99-E720-413B-BB03-7A015DBEF08D}.Debug|Any CPU.Build.0 = Debug|Any CPU
		{907A5C99-E720-413B-BB03-7A015DBEF08D}.Release|Any CPU.ActiveCfg = Release|Any CPU
		{907A5C99-E720-413B-BB03-7A015DBEF08D}.Release|Any CPU.Build.0 = Release|Any CPU
	EndGlobalSection
	GlobalSection(SolutionProperties) = preSolution
		HideSolutionNode = FALSE
	EndGlobalSection
	GlobalSection(ExtensibilityGlobals) = postSolution
		SolutionGuid = {0F8F7A62-95A0-4FBF-AE5E-03C491438751}
	EndGlobalSection
EndGlobal
